lockfileVersion: '9.0'

settings:
  autoInstallPeers: true
  excludeLinksFromLockfile: false

importers:

  .:
    dependencies:
      aedes:
        specifier: ^0.51.3
        version: 0.51.3
      jj.js:
        specifier: ^0.17.0
        version: 0.17.0
      websocket-stream:
        specifier: ^5.5.2
        version: 5.5.2

packages:

  '@babel/runtime@7.27.6':
    resolution: {integrity: sha512-vbavdySgbTTrmFE+EsiqUTzlOr5bzlnJtUv9PynGCAKvfQqjIXbvFdumPM/GxMDfyuGMJaJAU6TO4zc1Jf1i8Q==}
    engines: {node: '>=6.9.0'}

  '@hapi/bourne@3.0.0':
    resolution: {integrity: sha512-Waj1cwPXJDucOib4a3bAISsKJVb15MKi9IvmTI/7ssVEm6sywXGjVJDhl6/umt1pK1ZS7PacXU3A1PmFKHEZ2w==}

  '@koa/router@13.1.0':
    resolution: {integrity: sha512-mNVu1nvkpSd8Q8gMebGbCkDWJ51ODetrFvLKYusej+V0ByD4btqHYnPIzTBLXnQMVUlm/oxVwqmWBY3zQfZilw==}
    engines: {node: '>= 18'}

  '@noble/hashes@1.8.0':
    resolution: {integrity: sha512-jCs9ldd7NwzpgXDIf6P3+NrHh9/sD6CQdxHyjQI+h/6rDNo88ypBxxz45UDuZHz9r3tNz7N/VInSVoVdtXEI4A==}
    engines: {node: ^14.21.3 || >=16}

  '@paralleldrive/cuid2@2.2.2':
    resolution: {integrity: sha512-ZOBkgDwEdoYVlSeRbYYXs0S9MejQofiVYoTbKzy/6GQa39/q5tQU2IX46+shYnUkpEl3wc+J6wRlar7r2EK2xA==}

  '@types/accepts@1.3.7':
    resolution: {integrity: sha512-Pay9fq2lM2wXPWbteBsRAGiWH2hig4ZE2asK+mm7kUzlxRTfL961rj89I6zV/E3PcIkDqyuBEcMxFT7rccugeQ==}

  '@types/body-parser@1.19.6':
    resolution: {integrity: sha512-HLFeCYgz89uk22N5Qg3dvGvsv46B8GLvKKo1zKG4NybA8U2DiEO3w9lqGg29t/tfLRJpJ6iQxnVw4OnB7MoM9g==}

  '@types/co-body@6.1.3':
    resolution: {integrity: sha512-UhuhrQ5hclX6UJctv5m4Rfp52AfG9o9+d9/HwjxhVB5NjXxr5t9oKgJxN8xRHgr35oo8meUEHUPFWiKg6y71aA==}

  '@types/connect@3.4.38':
    resolution: {integrity: sha512-K6uROf1LD88uDQqJCktA4yzL1YYAK6NgfsI0v/mTgyPKWsX1CnJ0XPSDhViejru1GcRkLWb8RlzFYJRqGUbaug==}

  '@types/content-disposition@0.5.9':
    resolution: {integrity: sha512-8uYXI3Gw35MhiVYhG3s295oihrxRyytcRHjSjqnqZVDDy/xcGBRny7+Xj1Wgfhv5QzRtN2hB2dVRBUX9XW3UcQ==}

  '@types/cookies@0.9.1':
    resolution: {integrity: sha512-E/DPgzifH4sM1UMadJMWd6mO2jOd4g1Ejwzx8/uRCDpJis1IrlyQEcGAYEomtAqRYmD5ORbNXMeI9U0RiVGZbg==}

  '@types/express-serve-static-core@5.0.6':
    resolution: {integrity: sha512-3xhRnjJPkULekpSzgtoNYYcTWgEZkp4myc+Saevii5JPnHNvHMRlBSHDbs7Bh1iPPoVTERHEZXyhyLbMEsExsA==}

  '@types/express@5.0.3':
    resolution: {integrity: sha512-wGA0NX93b19/dZC1J18tKWVIYWyyF2ZjT9vin/NRu0qzzvfVzWjs04iq2rQ3H65vCTQYlRqs3YHfY7zjdV+9Kw==}

  '@types/formidable@2.0.6':
    resolution: {integrity: sha512-L4HcrA05IgQyNYJj6kItuIkXrInJvsXTPC5B1i64FggWKKqSL+4hgt7asiSNva75AoLQjq29oPxFfU4GAQ6Z2w==}

  '@types/http-assert@1.5.6':
    resolution: {integrity: sha512-TTEwmtjgVbYAzZYWyeHPrrtWnfVkm8tQkP8P21uQifPgMRgjrow3XDEYqucuC8SKZJT7pUnhU/JymvjggxO9vw==}

  '@types/http-errors@2.0.5':
    resolution: {integrity: sha512-r8Tayk8HJnX0FztbZN7oVqGccWgw98T/0neJphO91KkmOzug1KkofZURD4UaD5uH8AqcFLfdPErnBod0u71/qg==}

  '@types/keygrip@1.0.6':
    resolution: {integrity: sha512-lZuNAY9xeJt7Bx4t4dx0rYCDqGPW8RXhQZK1td7d4H6E9zYbLoOtjBvfwdTKpsyxQI/2jv+armjX/RW+ZNpXOQ==}

  '@types/koa-compose@3.2.8':
    resolution: {integrity: sha512-4Olc63RY+MKvxMwVknCUDhRQX1pFQoBZ/lXcRLP69PQkEpze/0cr8LNqJQe5NFb/b19DWi2a5bTi2VAlQzhJuA==}

  '@types/koa@2.15.0':
    resolution: {integrity: sha512-7QFsywoE5URbuVnG3loe03QXuGajrnotr3gQkXcEBShORai23MePfFYdhz90FEtBBpkyIYQbVD+evKtloCgX3g==}

  '@types/mime@1.3.5':
    resolution: {integrity: sha512-/pyBZWSLD2n0dcHE3hq8s8ZvcETHtEuF+3E7XVt0Ig2nvsVQXdghHVcEkIWjy9A0wKfTn97a/PSDYohKIlnP/w==}

  '@types/node@24.0.0':
    resolution: {integrity: sha512-yZQa2zm87aRVcqDyH5+4Hv9KYgSdgwX1rFnGvpbzMaC7YAljmhBET93TPiTd3ObwTL+gSpIzPKg5BqVxdCvxKg==}

  '@types/qs@6.14.0':
    resolution: {integrity: sha512-eOunJqu0K1923aExK6y8p6fsihYEn/BYuQ4g0CxAAgFc4b/ZLN4CrsRZ55srTdqoiLzU2B2evC+apEIxprEzkQ==}

  '@types/range-parser@1.2.7':
    resolution: {integrity: sha512-hKormJbkJqzQGhziax5PItDUTMAM9uE2XXQmM37dyd4hVM+5aVl7oVxMVUiVQn2oCQFN/LKCZdvSM0pFRqbSmQ==}

  '@types/readable-stream@4.0.21':
    resolution: {integrity: sha512-19eKVv9tugr03IgfXlA9UVUVRbW6IuqRO5B92Dl4a6pT7K8uaGrNS0GkxiZD0BOk6PLuXl5FhWl//eX/pzYdTQ==}

  '@types/send@0.17.5':
    resolution: {integrity: sha512-z6F2D3cOStZvuk2SaP6YrwkNO65iTZcwA2ZkSABegdkAh/lf+Aa/YQndZVfmEXT5vgAp6zv06VQ3ejSVjAny4w==}

  '@types/serve-static@1.15.8':
    resolution: {integrity: sha512-roei0UY3LhpOJvjbIP6ZZFngyLKl5dskOtDhxY5THRSpO+ZI+nzJ+m5yUMzGrp89YRa7lvknKkMYjqQFGwA7Sg==}

  abort-controller@3.0.0:
    resolution: {integrity: sha512-h8lQ8tacZYnR3vNQTgibj+tODHI5/+l06Au2Pcriv/Gmet0eaj4TwWH41sO9wnHDiQsEj19q0drzdWdeAHtweg==}
    engines: {node: '>=6.5'}

  accepts@1.3.8:
    resolution: {integrity: sha512-PYAthTa2m2VKxuvSD3DPC/Gy+U+sOA1LAuT8mkmRuvw+NACSaeXEQ+NHcVF7rONl6qcaxV3Uuemwawk+7+SJLw==}
    engines: {node: '>= 0.6'}

  acorn@5.7.4:
    resolution: {integrity: sha512-1D++VG7BhrtvQpNbBzovKNc1FLGGEE/oGe7b9xJm/RFHMBeUaUGpluV9RLjZa47YFdPcDAenEYuq9pQPcMdLJg==}
    engines: {node: '>=0.4.0'}
    hasBin: true

  aedes-packet@3.0.0:
    resolution: {integrity: sha512-swASey0BxGs4/npZGWoiVDmnEyPvVFIRY6l2LVKL4rbiW8IhcIGDLfnb20Qo8U20itXlitAKPQ3MVTEbOGG5ZA==}
    engines: {node: '>=14'}

  aedes-persistence@9.1.2:
    resolution: {integrity: sha512-2Wlr5pwIK0eQOkiTwb8ZF6C20s8UPUlnsJ4kXYePZ3JlQl0NbBA176mzM8wY294BJ5wybpNc9P5XEQxqadRNcQ==}
    engines: {node: '>=14'}

  aedes@0.51.3:
    resolution: {integrity: sha512-aQfiI9w3RbqnowNCdcGMmCtxBFXN9bhJFcuZm24U5/NU06V3MCl42jWK2GUnu8rOypR2Ahi/aEcgq3w7CMcycg==}
    engines: {node: '>=16'}

  art-template@4.13.4:
    resolution: {integrity: sha512-SoCdwWrj6VNoErheIKnDSzBEO0SsZJK9p34nliZUuChkfiReu8x4hLP/jBTLG6yEr+tWxdANufophDYsau52Fg==}
    engines: {node: '>= 1.0.0'}

  asap@2.0.6:
    resolution: {integrity: sha512-BSHWgDSAiKs50o2Re8ppvp3seVHXSRM44cdSsT9FfNEUUZLOGWVCsiWaRPWM1Znn+mqZ1OfVZ3z3DWEzSp7hRA==}

  async-limiter@1.0.1:
    resolution: {integrity: sha512-csOlWGAcRFJaI6m+F2WKdnMKr4HhdhFVBk0H/QbJFMCr+uO2kwohwXQPxw/9OCxp05r5ghVBFSyioixx3gfkNQ==}

  base64-js@1.5.1:
    resolution: {integrity: sha512-AKpaYlHn8t4SVbOHCy+b5+KKgvR4vrsD8vbvrbiQJps7fKDTkjkDry6ji0rUJjC0kzbNePLwzxq8iypo41qeWA==}

  bignumber.js@9.0.0:
    resolution: {integrity: sha512-t/OYhhJ2SD+YGBQcjY8GzzDHEk9f3nerxjtfa6tlMXfe7frs/WozhvCNoGvpM0P3bNf3Gq5ZRMlGr5f3r4/N8A==}

  bl@4.1.0:
    resolution: {integrity: sha512-1W07cM9gS6DcLperZfFSj+bWLtaPGSOHWhPiGzXmvVJbRLdG82sH/Kn8EtW1VqWVA54AKf2h5k5BbnIbwF3h6w==}

  bl@6.1.0:
    resolution: {integrity: sha512-ClDyJGQkc8ZtzdAAbAwBmhMSpwN/sC9HA8jxdYm6nVUbCfZbe2mgza4qh7AuEYyEPB/c4Kznf9s66bnsKMQDjw==}

  buffer@5.7.1:
    resolution: {integrity: sha512-EHcyIPBQ4BSGlvjB16k5KgAJ27CIsHY/2JBmCRReo48y9rQ3MaUzWX3KVlBa4U7MyX02HdVj0K7C3WaB3ju7FQ==}

  buffer@6.0.3:
    resolution: {integrity: sha512-FTiCpNxtwiZZHEZbcbTIcZjERVICn9yq/pDFkTl95/AxzD1naBctN7YO68riM/gLSDY7sdrMby8hofADYuuqOA==}

  bytes@3.1.2:
    resolution: {integrity: sha512-/Nf7TyzTx6S3yRJObOAV7956r8cr2+Oj8AC5dt8wSP3BQAoeX58NoHyCU8P8zGkNXStjTSi6fzO6F0pBdcYbEg==}
    engines: {node: '>= 0.8'}

  cache-content-type@1.0.1:
    resolution: {integrity: sha512-IKufZ1o4Ut42YUrZSo8+qnMTrFuKkvyoLXUywKz9GJ5BrhOFGhLdkx9sG4KAnVvbY6kEcSFjLQul+DVmBm2bgA==}
    engines: {node: '>= 6.0.0'}

  call-bind-apply-helpers@1.0.2:
    resolution: {integrity: sha512-Sp1ablJ0ivDkSzjcaJdxEunN5/XvksFJ2sMBFfq6x0ryhQV/2b/KwFe21cMpmHtPOSij8K99/wSfoEuTObmuMQ==}
    engines: {node: '>= 0.4'}

  call-bound@1.0.4:
    resolution: {integrity: sha512-+ys997U96po4Kx/ABpBCqhA9EuxJaQWDQg7295H4hBphv3IZg0boBKuwYpt4YXp6MZ5AmZQnU/tyMTlRpaSejg==}
    engines: {node: '>= 0.4'}

  camel-case@3.0.0:
    resolution: {integrity: sha512-+MbKztAYHXPr1jNTSKQF52VpcFjwY5RkR7fxksV8Doo4KAYc5Fl4UJRgthBbTmEx8C54DqahhbLJkDwjI3PI/w==}

  clean-css@4.2.4:
    resolution: {integrity: sha512-EJUDT7nDVFDvaQgAo2G/PJvxmp1o/c6iXLbswsBbUFXi1Nr+AjA2cKmfbKDMjMvzEe75g3P6JkaDDAKk96A85A==}
    engines: {node: '>= 4.0'}

  co-body@6.2.0:
    resolution: {integrity: sha512-Kbpv2Yd1NdL1V/V4cwLVxraHDV6K8ayohr2rmH0J87Er8+zJjcTa6dAn9QMPC9CRgU8+aNajKbSf1TzDB1yKPA==}
    engines: {node: '>=8.0.0'}

  co@4.6.0:
    resolution: {integrity: sha512-QVb0dM5HvG+uaxitm8wONl7jltx8dqhfU33DcqtOZcLSVIKSDDLDi7+0LbAKiyI8hD9u42m2YxXSkMGWThaecQ==}
    engines: {iojs: '>= 1.0.0', node: '>= 0.12.0'}

  commander@2.17.1:
    resolution: {integrity: sha512-wPMUt6FnH2yzG95SA6mzjQOEKUU3aLaDEmzs1ti+1E9h+CsrZghRlqEM/EJ4KscsQVG8uNN4uVreUeT8+drlgg==}

  commander@2.19.0:
    resolution: {integrity: sha512-6tvAOO+D6OENvRAh524Dh9jcfKTYDQAqvqezbCW82xj5X0pSrcpxtvRKHLG0yBY6SD7PSDrJaj+0AiOcKVd1Xg==}

  content-disposition@0.5.4:
    resolution: {integrity: sha512-FveZTNuGw04cxlAiWbzi6zTAL/lhehaWbTtgluJh4/E95DqMwTmha3KZN1aAWA8cFIhHzMZUvLevkw5Rqk+tSQ==}
    engines: {node: '>= 0.6'}

  content-type@1.0.5:
    resolution: {integrity: sha512-nTjqfcBFEipKdXCv4YDQWCfmcLZKm81ldF0pAopTvyrFGVbcR6P/VAAd5G7N+0tTr8QqiU0tFadD6FK4NtJwOA==}
    engines: {node: '>= 0.6'}

  cookies@0.9.1:
    resolution: {integrity: sha512-TG2hpqe4ELx54QER/S3HQ9SRVnQnGBtKUz5bLQWtYAQ+o6GpgMs6sYUvaiJjVxb+UXwhRhAEP3m7LbsIZ77Hmw==}
    engines: {node: '>= 0.8'}

  core-util-is@1.0.3:
    resolution: {integrity: sha512-ZQBvi1DcpJ4GDqanjucZ2Hj3wEO5pZDS89BWbkcrvdxksJorwUDDZamX9ldFkp9aw2lmBDLgkObEA4DWNJ9FYQ==}

  debug@3.2.7:
    resolution: {integrity: sha512-CFjzYYAi4ThfiQvizrFQevTTXHtnCqWfe7x1AhgEscTz6ZbLbfoLRLPugTQyBth6f8ZERVUSyWHFD/7Wu4t1XQ==}
    peerDependencies:
      supports-color: '*'
    peerDependenciesMeta:
      supports-color:
        optional: true

  debug@4.4.1:
    resolution: {integrity: sha512-KcKCqiftBJcZr++7ykoDIEwSa3XWowTfNPo92BYxjXiyYEVrUQh2aLyhxBCwww+heortUFxEJYcRzosstTEBYQ==}
    engines: {node: '>=6.0'}
    peerDependencies:
      supports-color: '*'
    peerDependenciesMeta:
      supports-color:
        optional: true

  deep-equal@1.0.1:
    resolution: {integrity: sha512-bHtC0iYvWhyaTzvV3CZgPeZQqCOBGyGsVV7v4eevpdkLHfiSrXUdBG+qAuSz4RI70sszvjQ1QSZ98An1yNwpSw==}

  deep-is@0.1.4:
    resolution: {integrity: sha512-oIPzksmTg4/MriiaYGO+okXDT7ztn/w3Eptv/+gSIdMdKsJo0u4CfYNFJPy+4SKMuCqGw2wxnA+URMg3t8a/bQ==}

  delegates@1.0.0:
    resolution: {integrity: sha512-bd2L678uiWATM6m5Z1VzNCErI3jiGzt6HGY8OVICs40JQq/HALfbyNJmp0UDakEY4pMMaN0Ly5om/B1VI/+xfQ==}

  depd@1.1.2:
    resolution: {integrity: sha512-7emPTl6Dpo6JRXOXjLRxck+FlLRX5847cLKEn00PLAgc3g2hTZZgr+e4c2v6QpSmLeFP3n5yUo7ft6avBK/5jQ==}
    engines: {node: '>= 0.6'}

  depd@2.0.0:
    resolution: {integrity: sha512-g7nH6P6dyDioJogAAGprGpCtVImJhpPk/roCzdb3fIh61/s/nPsfR6onyMwkCAR/OlC3yBC0lESvUoQEAssIrw==}
    engines: {node: '>= 0.8'}

  destroy@1.2.0:
    resolution: {integrity: sha512-2sJGJTaXIIaR1w4iJSNoN0hnMY7Gpc/n8D4qSCJw8QqFWXf7cuAgnEHxBpweaVcPevC2l3KpjYCx3NypQQgaJg==}
    engines: {node: '>= 0.8', npm: 1.2.8000 || >= 1.4.16}

  dezalgo@1.0.4:
    resolution: {integrity: sha512-rXSP0bf+5n0Qonsb+SVVfNfIsimO4HEtmnIpPHY8Q1UCzKlQrDMfdobr8nJOOsRgWCyMRqeSBQzmWUMq7zvVig==}

  dunder-proto@1.0.1:
    resolution: {integrity: sha512-KIN/nDJBQRcXw0MLVhZE9iQHmG68qAVIBg9CqmUYjmQIhgij9U5MFvrqkUL5FbtyyzZuOeOt0zdeRe4UY7ct+A==}
    engines: {node: '>= 0.4'}

  duplexify@3.7.1:
    resolution: {integrity: sha512-07z8uv2wMyS51kKhD1KsdXJg5WQ6t93RneqRxUHnskXVtlYYkLqM0gqStQZ3pj073g687jPCHrqNfCzawLYh5g==}

  ee-first@1.1.1:
    resolution: {integrity: sha512-WMwm9LhRUo+WUaRN+vRuETqG89IgZphVSNkdFgeb6sS/E4OrDIN7t48CAewSHXc6C8lefD8KKfr5vY61brQlow==}

  encodeurl@1.0.2:
    resolution: {integrity: sha512-TPJXq8JqFaVYm2CWmPvnP2Iyo4ZSM7/QKcSmuMLDObfpH5fi7RUGmd/rTDf+rut/saiDiQEeVTNgAmJEdAOx0w==}
    engines: {node: '>= 0.8'}

  end-of-stream@1.4.4:
    resolution: {integrity: sha512-+uw1inIHVPQoaVuHzRyXd21icM+cnt4CzD5rW+NC1wjOUSTOs+Te7FOv7AhN7vS9x/oIyhLP5PR1H+phQAHu5Q==}

  es-define-property@1.0.1:
    resolution: {integrity: sha512-e3nRfgfUZ4rNGL232gUgX06QNyyez04KdjFrF+LTRoOXmrOgFKDg4BCdsjW8EnT69eqdYGmRpJwiPVYNrCaW3g==}
    engines: {node: '>= 0.4'}

  es-errors@1.3.0:
    resolution: {integrity: sha512-Zf5H2Kxt2xjTvbJvP2ZWLEICxA6j+hAmMzIlypy4xcBg1vKVnx89Wy0GbS+kf5cwCVFFzdCFh2XSCFNULS6csw==}
    engines: {node: '>= 0.4'}

  es-object-atoms@1.1.1:
    resolution: {integrity: sha512-FGgH2h8zKNim9ljj7dankFPcICIK9Cp5bm+c2gQSYePhpaG5+esrLODihIorn+Pe6FGJzWhXQotPv73jTaldXA==}
    engines: {node: '>= 0.4'}

  escape-html@1.0.3:
    resolution: {integrity: sha512-NiSupZ4OeuGwr68lGIeym/ksIZMJodUGOSCZ/FSnTxcrekbvqrgdUxlJOMpijaKZVjAJrWrGs/6Jy8OMuyj9ow==}

  escodegen@1.14.3:
    resolution: {integrity: sha512-qFcX0XJkdg+PB3xjZZG/wKSuT1PnQWx57+TVSjIMmILd2yC/6ByYElPwJnslDsuWuSAp4AwJGumarAAmJch5Kw==}
    engines: {node: '>=4.0'}
    hasBin: true

  esprima@4.0.1:
    resolution: {integrity: sha512-eGuFFw7Upda+g4p+QHvnW0RyTX/SVeJBDM/gCtMARO0cLuT2HcEKnTPvhjV6aGeqrCB/sbNop0Kszm0jsaWU4A==}
    engines: {node: '>=4'}
    hasBin: true

  estraverse@4.3.0:
    resolution: {integrity: sha512-39nnKffWz8xN1BU/2c79n9nB9HDzo0niYUqx6xyqUnyoAnQyyWpOTdZEeiCch8BBu515t4wp9ZmgVfVhn9EBpw==}
    engines: {node: '>=4.0'}

  esutils@2.0.3:
    resolution: {integrity: sha512-kVscqXk4OCp68SZ0dkgEKVi6/8ij300KBWTJq32P/dYeWTSwK41WyTxalN1eRmA5Z9UU/LX9D7FWSmV9SAYx6g==}
    engines: {node: '>=0.10.0'}

  event-target-shim@5.0.1:
    resolution: {integrity: sha512-i/2XbnSz/uxRCU6+NdVJgKWDTM427+MqYbkQzD321DuCQJUqOuJKIA0IM2+W2xtYHdKOmZ4dR6fExsd4SXL+WQ==}
    engines: {node: '>=6'}

  events@3.3.0:
    resolution: {integrity: sha512-mQw+2fkQbALzQ7V0MY0IqdnXNOeTtP4r0lN9z7AAawCXgqea7bDii20AYrIBrFd/Hx0M2Ocz6S111CaFkUcb0Q==}
    engines: {node: '>=0.8.x'}

  exec-sh@0.2.2:
    resolution: {integrity: sha512-FIUCJz1RbuS0FKTdaAafAByGS0CPvU3R0MeHxgtl+djzCc//F8HakL8GzmVNZanasTbTAY/3DRFA0KpVqj/eAw==}

  fast-levenshtein@2.0.6:
    resolution: {integrity: sha512-DCXu6Ifhqcks7TZKY3Hxp3y6qphY5SJZmrWMDrKcERSOXWQdMhU9Ig/PYrzyw/ul9jOIyh0N4M0tbC5hodg8dw==}

  fast-unique-numbers@8.0.13:
    resolution: {integrity: sha512-7OnTFAVPefgw2eBJ1xj2PGGR9FwYzSUso9decayHgCDX4sJkHLdcsYTytTg+tYv+wKF3U8gJuSBz2jJpQV4u/g==}
    engines: {node: '>=16.1.0'}

  fastfall@1.5.1:
    resolution: {integrity: sha512-KH6p+Z8AKPXnmA7+Iz2Lh8ARCMr+8WNPVludm1LGkZoD2MjY6LVnRMtTKhkdzI+jr0RzQWXKzKyBJm1zoHEL4Q==}
    engines: {node: '>=0.10.0'}

  fastparallel@2.4.1:
    resolution: {integrity: sha512-qUmhxPgNHmvRjZKBFUNI0oZuuH9OlSIOXmJ98lhKPxMZZ7zS/Fi0wRHOihDSz0R1YiIOjxzOY4bq65YTcdBi2Q==}

  fastseries@2.0.0:
    resolution: {integrity: sha512-XBU9RXeoYc2/VnvMhplAxEmZLfIk7cvTBu+xwoBuTI8pL19E03cmca17QQycKIdxgwCeFA/a4u27gv1h3ya5LQ==}

  formidable@2.1.5:
    resolution: {integrity: sha512-Oz5Hwvwak/DCaXVVUtPn4oLMLLy1CdclLKO1LFgU7XzDpVMUU5UjlSLpGMocyQNNk8F6IJW9M/YdooSn2MRI+Q==}

  fresh@0.5.2:
    resolution: {integrity: sha512-zJ2mQYM18rEFOudeV4GShTGIQ7RbzA7ozbU9I/XBpm7kqgMywgmylMwXHxZJmkVoYkna9d2pVXVXPdYTP9ej8Q==}
    engines: {node: '>= 0.6'}

  function-bind@1.1.2:
    resolution: {integrity: sha512-7XHNxH7qX9xG5mIwxkhumTox/MIRNcOgDrxWsMt2pAr23WHp6MrRlN7FBSFpCpr+oVO0F744iUgR82nJMfG2SA==}

  get-intrinsic@1.3.0:
    resolution: {integrity: sha512-9fSjSaos/fRIVIp+xSJlE6lfwhES7LNtKaCBIamHsjr2na1BiABJPo0mOjjz8GJDURarmCPGqaiVg5mfjb98CQ==}
    engines: {node: '>= 0.4'}

  get-proto@1.0.1:
    resolution: {integrity: sha512-sTSfBjoXBp89JvIKIefqw7U2CCebsc74kiY6awiGogKtoSGbgjYE/G/+l9sF3MWFPNc9IcoOC4ODfKHfxFmp0g==}
    engines: {node: '>= 0.4'}

  gopd@1.2.0:
    resolution: {integrity: sha512-ZUKRh6/kUFoAiTAtTYPZJ3hw9wNxx+BIBOijnlG9PnrJsCcSjs1wyyD6vJpaYtgnzDrKYRSqf3OO6Rfa93xsRg==}
    engines: {node: '>= 0.4'}

  has-symbols@1.1.0:
    resolution: {integrity: sha512-1cDNdwJ2Jaohmb3sg4OmKaMBwuC48sYni5HUw2DvsC8LjGTLK9h+eb1X6RyuOHe4hT0ULCW68iomhjUoKUqlPQ==}
    engines: {node: '>= 0.4'}

  has-tostringtag@1.0.2:
    resolution: {integrity: sha512-NqADB8VjPFLM2V0VvHUewwwsw0ZWBaIdgo+ieHtK3hasLz4qeCRjYcqfB6AQrBggRKppKF8L52/VqdVsO47Dlw==}
    engines: {node: '>= 0.4'}

  hasown@2.0.2:
    resolution: {integrity: sha512-0hJU9SCPvmMzIBdZFqNPXWa6dqh7WdH0cII9y+CyS8rG3nL48Bclra9HmKhVVUHyPWNH5Y7xDwAB7bfgSjkUMQ==}
    engines: {node: '>= 0.4'}

  he@1.2.0:
    resolution: {integrity: sha512-F/1DnUGPopORZi0ni+CvrCgHQ5FyEAHRLSApuYWMmrbSwoN2Mn/7k+Gl38gJnR7yyDZk6WLXwiGod1JOWNDKGw==}
    hasBin: true

  html-minifier@3.5.21:
    resolution: {integrity: sha512-LKUKwuJDhxNa3uf/LPR/KVjm/l3rBqtYeCOAekvG8F1vItxMUpueGd94i/asDDr8/1u7InxzFA5EeGjhhG5mMA==}
    engines: {node: '>=4'}
    hasBin: true

  http-assert@1.5.0:
    resolution: {integrity: sha512-uPpH7OKX4H25hBmU6G1jWNaqJGpTXxey+YOUizJUAgu0AjLUeC8D73hTrhvDS5D+GJN1DN1+hhc/eF/wpxtp0w==}
    engines: {node: '>= 0.8'}

  http-errors@1.6.3:
    resolution: {integrity: sha512-lks+lVC8dgGyh97jxvxeYTWQFvh4uw4yC12gVl63Cg30sjPX4wuGcdkICVXDAESr6OJGjqGA8Iz5mkeN6zlD7A==}
    engines: {node: '>= 0.6'}

  http-errors@1.8.1:
    resolution: {integrity: sha512-Kpk9Sm7NmI+RHhnj6OIWDI1d6fIoFAtFt9RLaTMRlg/8w49juAStsrBgp0Dp4OdxdVbRIeKhtCUvoi/RuAhO4g==}
    engines: {node: '>= 0.6'}

  http-errors@2.0.0:
    resolution: {integrity: sha512-FtwrG/euBzaEjYeRqOgly7G0qviiXoJWnvEH2Z1plBdXgbyjv34pHTSb9zoeHMyDy33+DWy5Wt9Wo+TURtOYSQ==}
    engines: {node: '>= 0.8'}

  hyperid@3.3.0:
    resolution: {integrity: sha512-7qhCVT4MJIoEsNcbhglhdmBKb09QtcmJNiIQGq7js/Khf5FtQQ9bzcAuloeqBeee7XD7JqDeve9KNlQya5tSGQ==}

  iconv-lite@0.4.24:
    resolution: {integrity: sha512-v3MXnZAcvnywkTUEZomIActle7RXXeedOR31wwl7VlyoXO4Qi9arvSenNQWne1TcRwhCL1HwLI21bEqdpj8/rA==}
    engines: {node: '>=0.10.0'}

  ieee754@1.2.1:
    resolution: {integrity: sha512-dcyqhDvX1C46lXZcVqCpK+FtMRQVdIMN6/Df5js2zouUsqG7I6sFxitIC+7KYK29KdXOLHdu9zL4sFnoVQnqaA==}

  inflation@2.1.0:
    resolution: {integrity: sha512-t54PPJHG1Pp7VQvxyVCJ9mBbjG3Hqryges9bXoOO6GExCPa+//i/d5GSuFtpx3ALLd7lgIAur6zrIlBQyJuMlQ==}
    engines: {node: '>= 0.8.0'}

  inherits@2.0.3:
    resolution: {integrity: sha512-x00IRNXNy63jwGkJmzPigoySHbaqpNuzKbBOmzK+g2OdZpQ9w+sxCN+VSB3ja7IAge2OP2qpfxTjeNcyjmW1uw==}

  inherits@2.0.4:
    resolution: {integrity: sha512-k/vGaX4/Yla3WzyMCvTQOXYeIHvqOKtnqBduzTHpzpQZzAskKMhZ2K+EnBiSM9zGSoIFeMpXKxa4dYeZIQqewQ==}

  is-class@0.0.9:
    resolution: {integrity: sha512-kUfRnejcRC9YLgblxoJ76dp9gZ3vMKTrDS5I6z2UVMOsHHSImNKCJocjQTkZr38PwiSZ9LVklaHEENaVYeFTXg==}

  is-generator-function@1.1.0:
    resolution: {integrity: sha512-nPUB5km40q9e8UfN/Zc24eLlzdSf9OfKByBw9CIdw4H1giPMeA0OIJvbchsCu4npfI2QcMVBsGEBHKZ7wLTWmQ==}
    engines: {node: '>= 0.4'}

  is-keyword-js@1.0.3:
    resolution: {integrity: sha512-EW8wNCNvomPa/jsH1g0DmLfPakkRCRTcTML1v1fZMLiVCvQ/1YB+tKsRzShBiWQhqrYCi5a+WsepA4Z8TA9iaA==}
    engines: {node: '>=0.10.0'}

  is-regex@1.2.1:
    resolution: {integrity: sha512-MjYsKHO5O7mCsmRGxWcLWheFqN9DJ/2TmngvjKXihe6efViPqc274+Fx/4fYj/r03+ESvBdTXK0V6tA3rgez1g==}
    engines: {node: '>= 0.4'}

  isarray@1.0.0:
    resolution: {integrity: sha512-VLghIWNM6ELQzo7zwmcg0NmTVyWKYjvIeM83yjp0wRDTmUnrM678fQbcKBo6n2CJEF0szoG//ytg+TKla89ALQ==}

  jj.js@0.17.0:
    resolution: {integrity: sha512-+T6OVS6o7rH9SGBM88ChXPTdIYgoufGGDW/hKdLEb0gNMutjLHWv4XIoEZtEIYnDmEJidzZd7pR2yYZ+8/Ao9A==}
    engines: {node: '>= 12.17.0'}

  js-tokens@3.0.2:
    resolution: {integrity: sha512-RjTcuD4xjtthQkaWH7dFlH85L+QaVtSoOyGdZ3g6HFhS9dFNDfLyqgm2NFe2X6cQpeFmt0452FJjFG5UameExg==}

  keygrip@1.1.0:
    resolution: {integrity: sha512-iYSchDJ+liQ8iwbSI2QqsQOvqv58eJCEanyJPJi+Khyu8smkcKSFUCbPwzFcL7YVtZ6eONjqRX/38caJ7QjRAQ==}
    engines: {node: '>= 0.6'}

  koa-body@6.0.1:
    resolution: {integrity: sha512-M8ZvMD8r+kPHy28aWP9VxL7kY8oPWA+C7ZgCljrCMeaU7uX6wsIQgDHskyrAr9sw+jqnIXyv4Mlxri5R4InIJg==}

  koa-compose@4.1.0:
    resolution: {integrity: sha512-8ODW8TrDuMYvXRwra/Kh7/rJo9BtOfPc6qO8eAfC80CnCvSjSl0bkRM24X6/XBBEyj0v1nRUQ1LyOy3dbqOWXw==}

  koa-convert@2.0.0:
    resolution: {integrity: sha512-asOvN6bFlSnxewce2e/DK3p4tltyfC4VM7ZwuTuepI7dEQVcvpyFuBcEARu1+Hxg8DIwytce2n7jrZtRlPrARA==}
    engines: {node: '>= 10'}

  koa-send@5.0.1:
    resolution: {integrity: sha512-tmcyQ/wXXuxpDxyNXv5yNNkdAMdFRqwtegBXUaowiQzUKqJehttS0x2j0eOZDQAyloAth5w6wwBImnFzkUz3pQ==}
    engines: {node: '>= 8'}

  koa-static@5.0.0:
    resolution: {integrity: sha512-UqyYyH5YEXaJrf9S8E23GoJFQZXkBVJ9zYYMPGz919MSX1KuvAcycIuS0ci150HCoPf4XQVhQ84Qf8xRPWxFaQ==}
    engines: {node: '>= 7.6.0'}

  koa@2.16.1:
    resolution: {integrity: sha512-umfX9d3iuSxTQP4pnzLOz0HKnPg0FaUUIKcye2lOiz3KPu1Y3M3xlz76dISdFPQs37P9eJz1wUpcTS6KDPn9fA==}
    engines: {node: ^4.8.4 || ^6.10.1 || ^7.10.1 || >= 8.1.4}

  levn@0.3.0:
    resolution: {integrity: sha512-0OO4y2iOHix2W6ujICbKIaEQXvFQHue65vUG3pb5EUomzPI90z9hsA1VsO/dbIIpC53J8gxM9Q4Oho0jrCM/yA==}
    engines: {node: '>= 0.8.0'}

  lower-case@1.1.4:
    resolution: {integrity: sha512-2Fgx1Ycm599x+WGpIYwJOvsjmXFzTSc34IwDWALRA/8AopUKAVPwfJ+h5+f85BCp0PWmmJcWzEpxOpoXycMpdA==}

  math-intrinsics@1.1.0:
    resolution: {integrity: sha512-/IXtbwEk5HTPyEwyKX6hGkYXxM9nbj64B+ilVJnC/R6B0pH5G4V3b0pVbL7DBj4tkhBAppbQUlf6F6Xl9LHu1g==}
    engines: {node: '>= 0.4'}

  media-typer@0.3.0:
    resolution: {integrity: sha512-dq+qelQ9akHpcOl/gUVRTxVIOkAJ1wR3QAvb4RsVjS8oVoFjDGTc679wJYmUmknUF5HwMLOgb5O+a3KxfWapPQ==}
    engines: {node: '>= 0.6'}

  merge-source-map@1.1.0:
    resolution: {integrity: sha512-Qkcp7P2ygktpMPh2mCQZaf3jhN6D3Z/qVZHSdWvQ+2Ef5HgRAPBO57A77+ENm0CPx2+1Ce/MYKi3ymqdfuqibw==}

  merge@1.2.1:
    resolution: {integrity: sha512-VjFo4P5Whtj4vsLzsYBu5ayHhoHJ0UqNm7ibvShmbmoz7tGi0vXaoJbGdB+GmDMLUdg8DpQXEIeVDAe8MaABvQ==}

  mime-db@1.52.0:
    resolution: {integrity: sha512-sPU4uV7dYlvtWJxwwxHD0PuihVNiE7TyAbQ5SWxDCB9mUYvOgroQOwYQQOKPJ8CIbE+1ETVlOoK1UC2nU3gYvg==}
    engines: {node: '>= 0.6'}

  mime-types@2.1.35:
    resolution: {integrity: sha512-ZDY+bPm5zTTF+YpCrAU9nK0UgICYPT0QtT1NZWFv4s++TNkcgVaT0g6+4R2uI4MjQjzysHB1zxuWL50hzaeXiw==}
    engines: {node: '>= 0.6'}

  minimist@1.2.8:
    resolution: {integrity: sha512-2yyAR8qBkN3YuheJanUpWC5U3bb5osDywNB8RzDVlDwDHbocAJveqqj1u8+SVD7jkWT4yvsHCpWqqWqAxb0zCA==}

  mqemitter@6.0.2:
    resolution: {integrity: sha512-8RGlznQx/Nb1xC3xKUFXHWov7pn7JdH++YVwlr6SLT6k3ft1h+ImGqZdVudbdKruFckIq9wheq9s4hgCivJDow==}
    engines: {node: '>=16'}

  mqtt-packet@7.1.2:
    resolution: {integrity: sha512-FFZbcZ2omsf4c5TxEQfcX9hI+JzDpDKPT46OmeIBpVA7+t32ey25UNqlqNXTmeZOr5BLsSIERpQQLsFWJS94SQ==}

  mqtt-packet@9.0.2:
    resolution: {integrity: sha512-MvIY0B8/qjq7bKxdN1eD+nrljoeaai+qjLJgfRn3TiMuz0pamsIWY2bFODPZMSNmabsLANXsLl4EMoWvlaTZWA==}

  ms@2.1.3:
    resolution: {integrity: sha512-6FlzubTLZG3J2a/NVCAleEhjzq5oxgHyaCU9yYXvcLsvoVaHJq/s5xXI6/XXP6tz7R9xAOtHnSO/tXtF3WRTlA==}

  mysql@2.18.1:
    resolution: {integrity: sha512-Bca+gk2YWmqp2Uf6k5NFEurwY/0td0cpebAucFpY/3jhrwrVGuxU2uQFCHjU19SJfje0yQvi+rVWdq78hR5lig==}
    engines: {node: '>= 0.6'}

  negotiator@0.6.3:
    resolution: {integrity: sha512-+EUsqGPLsM+j/zdChZjsnX51g4XrHFOIXwfnCVPGlQk/k5giakcKsuxCObBRu6DSm9opw/O6slWbJdghQM4bBg==}
    engines: {node: '>= 0.6'}

  no-case@2.3.2:
    resolution: {integrity: sha512-rmTZ9kz+f3rCvK2TD1Ue/oZlns7OGoIWP4fc3llxxRXlOkHKoWPPWJOfFYpITabSow43QJbRIoHQXtt10VldyQ==}

  object-inspect@1.13.4:
    resolution: {integrity: sha512-W67iLl4J2EXEGTbfeHCffrjDfitvLANg0UlX3wFUUSTx92KXRFegMHUVgSqE+wvhAbi4WqjGg9czysTV2Epbew==}
    engines: {node: '>= 0.4'}

  on-finished@2.4.1:
    resolution: {integrity: sha512-oVlzkg3ENAhCk2zdv7IJwd/QUD4z2RxRwpkcGY8psCVcCYZNq4wYnVWALHM+brtuJjePWiYF/ClmuDr8Ch5+kg==}
    engines: {node: '>= 0.8'}

  once@1.4.0:
    resolution: {integrity: sha512-lNaJgI+2Q5URQBkccEKHTQOPaXdUxnZZElQTZY0MFUAuaEqe1E+Nyvgdz/aIyNi6Z9MzO5dv1H8n58/GELp3+w==}

  only@0.0.2:
    resolution: {integrity: sha512-Fvw+Jemq5fjjyWz6CpKx6w9s7xxqo3+JCyM0WXWeCSOboZ8ABkyvP8ID4CZuChA/wxSx+XSJmdOm8rGVyJ1hdQ==}

  optionator@0.8.3:
    resolution: {integrity: sha512-+IW9pACdk3XWmmTXG8m3upGUJst5XRGzxMRjXzAuJ1XnIFNvfhjjIuYkDvysnPQ7qzqVzLt78BCruntqRhWQbA==}
    engines: {node: '>= 0.8.0'}

  param-case@2.1.1:
    resolution: {integrity: sha512-eQE845L6ot89sk2N8liD8HAuH4ca6Vvr7VWAWwt7+kvvG5aBcPmmphQ68JsEG2qa9n1TykS2DLeMt363AAH8/w==}

  parseurl@1.3.3:
    resolution: {integrity: sha512-CiyeOxFT/JZyN5m0z9PfXw4SCBJ6Sygz1Dpl0wqjlhDEGGBP1GnsUVEL0p63hoG1fcj3fHynXi9NYO4nWOL+qQ==}
    engines: {node: '>= 0.8'}

  path-is-absolute@1.0.1:
    resolution: {integrity: sha512-AVbw3UJ2e9bq64vSaS9Am0fje1Pa8pbGqTTsmXfaIiMpnr5DlDhfJOuLj9Sf95ZPVDAUerDfEk88MPmPe7UCQg==}
    engines: {node: '>=0.10.0'}

  path-to-regexp@6.3.0:
    resolution: {integrity: sha512-Yhpw4T9C6hPpgPeA28us07OJeqZ5EzQTkbfwuhsUg0c237RomFoETJgmp2sa3F/41gfLE6G5cqcYwznmeEeOlQ==}

  prelude-ls@1.1.2:
    resolution: {integrity: sha512-ESF23V4SKG6lVSGZgYNpbsiaAkdab6ZgOxe52p7+Kid3W3u3bxR4Vfd/o21dmN7jSt0IwgZ4v5MUd26FEtXE9w==}
    engines: {node: '>= 0.8.0'}

  process-nextick-args@2.0.1:
    resolution: {integrity: sha512-3ouUOpQhtgrbOa17J7+uxOTpITYWaGP7/AhoR3+A+/1e9skrzelGi/dXzEYyvbxubEF6Wn2ypscTKiKJFFn1ag==}

  process@0.11.10:
    resolution: {integrity: sha512-cdGef/drWFoydD1JsMzuFf8100nZl+GT+yacc2bEced5f9Rjk4z+WtFUTBu9PhOi9j/jfmBPu0mMEY4wIdAF8A==}
    engines: {node: '>= 0.6.0'}

  qlobber@7.0.1:
    resolution: {integrity: sha512-FsFg9lMuMEFNKmTO9nV7tlyPhx8BmskPPjH2akWycuYVTtWaVwhW5yCHLJQ6Q+3mvw5cFX2vMfW2l9z2SiYAbg==}
    engines: {node: '>= 14'}

  qlobber@8.0.1:
    resolution: {integrity: sha512-O+Wd1chXj5YE1DwmD+ae0bXiSLehmnS3czlC1R9FL/Nt/3q8uMS1bIHmg2lJfCoiimCxClWM8AAuJrF0EvNiog==}
    engines: {node: '>= 16'}

  qs@6.14.0:
    resolution: {integrity: sha512-YWWTjgABSKcvs/nWBi9PycY/JiPJqOD4JA6o9Sej2AtvSGarXxKC3OQSk4pAarbdQlKAh5D4FCQkJNkW+GAn3w==}
    engines: {node: '>=0.6'}

  raw-body@2.5.2:
    resolution: {integrity: sha512-8zGqypfENjCIqGhgXToC8aB2r7YrBX+AQAfIPs/Mlk+BtPTztOvTS01NRW/3Eh60J+a48lt8qsCzirQ6loCVfA==}
    engines: {node: '>= 0.8'}

  readable-stream@2.3.7:
    resolution: {integrity: sha512-Ebho8K4jIbHAxnuxi7o42OrZgF/ZTNcsZj6nRKyUmkhLFq8CHItp/fy6hQZuZmP/n3yZ9VBUbp4zz/mX8hmYPw==}

  readable-stream@2.3.8:
    resolution: {integrity: sha512-8p0AUk4XODgIewSi0l8Epjs+EVnWiK7NoDIEGU0HhE7+ZyY8D1IMY7odu5lRrFXGg71L15KG8QrPmum45RTtdA==}

  readable-stream@3.6.2:
    resolution: {integrity: sha512-9u/sniCrY3D5WdsERHzHE4G2YCXqoG5FTHUiCC4SIbr6XcLZBY05ya9EKjYek9O5xOAwjGq+1JdGBAS7Q9ScoA==}
    engines: {node: '>= 6'}

  readable-stream@4.7.0:
    resolution: {integrity: sha512-oIGGmcpTLwPga8Bn6/Z75SVaH1z5dUut2ibSyAMVhmUggWpmDn2dapB0n7f8nwaSiRtepAsfJyfXIO5DCVAODg==}
    engines: {node: ^12.22.0 || ^14.17.0 || >=16.0.0}

  relateurl@0.2.7:
    resolution: {integrity: sha512-G08Dxvm4iDN3MLM0EsP62EDV9IuhXPR6blNz6Utcp7zyV3tr4HVNINt6MpaRWbxoOHT3Q7YN2P+jaHX8vUbgog==}
    engines: {node: '>= 0.10'}

  resolve-path@1.4.0:
    resolution: {integrity: sha512-i1xevIst/Qa+nA9olDxLWnLk8YZbi8R/7JPbCMcgyWaFR6bKWaexgJgEB5oc2PKMjYdrHynyz0NY+if+H98t1w==}
    engines: {node: '>= 0.8'}

  retimer@4.0.0:
    resolution: {integrity: sha512-fZIVtvbOsQsxNSDhpdPOX4lx5Ss2ni+S72AUBitARpFhtA3UzrAjQ6gDtypB2/+l7L+1VQgAgpvAKY66mElH0w==}

  reusify@1.1.0:
    resolution: {integrity: sha512-g6QUff04oZpHs0eG5p83rFLhHeV00ug/Yf9nZM6fLeUrPguBTkTQOdpAWWspMh55TZfVQDPaN3NQJfbVRAxdIw==}
    engines: {iojs: '>=1.0.0', node: '>=0.10.0'}

  safe-buffer@5.1.2:
    resolution: {integrity: sha512-Gd2UZBJDkXlY7GbJxfsE8/nvKkUEU1G38c1siN6QP6a9PT9MmHB8GnpscSmMJSoF8LOIrt8ud/wPtojys4G6+g==}

  safe-buffer@5.2.1:
    resolution: {integrity: sha512-rp3So07KcdmmKbGvgaNxQSJr7bGVSVk5S9Eq1F+ppbRo70+YeaDxkw5Dd8NPN+GD6bjnYm2VuPuCXmpuYvmCXQ==}

  safe-regex-test@1.1.0:
    resolution: {integrity: sha512-x/+Cz4YrimQxQccJf5mKEbIa1NzeCRNI5Ecl/ekmlYaampdNLPalVyIcCZNNH3MvmqBugV5TMYZXv0ljslUlaw==}
    engines: {node: '>= 0.4'}

  safer-buffer@2.1.2:
    resolution: {integrity: sha512-YZo3K82SD7Riyi0E1EQPojLz7kpepnSQI9IyPbHHg1XXXevb5dJI7tpyN2ADxGcQbHG7vcyRHk0cbwqcQriUtg==}

  setprototypeof@1.1.0:
    resolution: {integrity: sha512-BvE/TwpZX4FXExxOxZyRGQQv651MSwmWKZGqvmPcRIjDqWub67kTKuIMx43cZZrS/cBBzwBcNDWoFxt2XEFIpQ==}

  setprototypeof@1.2.0:
    resolution: {integrity: sha512-E5LDX7Wrp85Kil5bhZv46j8jOeboKq5JMmYM3gVGdGH8xFpPWXUMsNrlODCrkoxMEeNi/XZIwuRvY4XNwYMJpw==}

  side-channel-list@1.0.0:
    resolution: {integrity: sha512-FCLHtRD/gnpCiCHEiJLOwdmFP+wzCmDEkc9y7NsYxeF4u7Btsn1ZuwgwJGxImImHicJArLP4R0yX4c2KCrMrTA==}
    engines: {node: '>= 0.4'}

  side-channel-map@1.0.1:
    resolution: {integrity: sha512-VCjCNfgMsby3tTdo02nbjtM/ewra6jPHmpThenkTYh8pG9ucZ/1P8So4u4FGBek/BjpOVsDCMoLA/iuBKIFXRA==}
    engines: {node: '>= 0.4'}

  side-channel-weakmap@1.0.2:
    resolution: {integrity: sha512-WPS/HvHQTYnHisLo9McqBHOJk2FkHO/tlpvldyrnem4aeQp4hai3gythswg6p01oSoTl58rcpiFAjF2br2Ak2A==}
    engines: {node: '>= 0.4'}

  side-channel@1.1.0:
    resolution: {integrity: sha512-ZX99e6tRweoUXqR+VBrslhda51Nh5MTQwou5tnUDgbtyM0dBgmhEDtWGP/xbKn6hqfPRHujUNwz5fy/wbbhnpw==}
    engines: {node: '>= 0.4'}

  source-map@0.5.7:
    resolution: {integrity: sha512-LbrmJOMUSdEVxIKvdcJzQC+nQhe8FUZQTXQy6+I75skNgn3OoQ0DZA8YnFa7gp8tqtL3KPf1kmo0R5DoApeSGQ==}
    engines: {node: '>=0.10.0'}

  source-map@0.6.1:
    resolution: {integrity: sha512-UjgapumWlbMhkBgzT7Ykc5YXUT46F0iKu8SGXq0bcwP5dz/h0Plj6enJqjz1Zbq2l5WaqYnrVbwWOWMyF3F47g==}
    engines: {node: '>=0.10.0'}

  sqlstring@2.3.1:
    resolution: {integrity: sha512-ooAzh/7dxIG5+uDik1z/Rd1vli0+38izZhGzSa34FwR7IbelPWCCKSNIl8jlL/F7ERvy8CB2jNeM1E9i9mXMAQ==}
    engines: {node: '>= 0.6'}

  statuses@1.5.0:
    resolution: {integrity: sha512-OpZ3zP+jT1PI7I8nemJX4AKmAX070ZkYPVWV/AaKTJl+tXCTGyVdC1a4SL8RUQYEwk/f34ZX8UTykN68FwrqAA==}
    engines: {node: '>= 0.6'}

  statuses@2.0.1:
    resolution: {integrity: sha512-RwNA9Z/7PrK06rYLIzFMlaF+l73iwpzsqRIFgbMLbTcLD6cOao82TaWefPXQvB2fOC4AjuYSEndS7N/mTCbkdQ==}
    engines: {node: '>= 0.8'}

  stream-shift@1.0.3:
    resolution: {integrity: sha512-76ORR0DO1o1hlKwTbi/DM3EXWGf3ZJYO8cXX5RJwnul2DEg2oyoZyjLNoQM8WsvZiFKCRfC1O0J7iCvie3RZmQ==}

  string_decoder@1.1.1:
    resolution: {integrity: sha512-n/ShnvDi6FHbbVfviro+WojiFzv+s8MPMHBczVePfUpDJLwoLT0ht1l4YwBCbi8pJAveEEdnkHyPyTP/mzRfwg==}

  string_decoder@1.3.0:
    resolution: {integrity: sha512-hkRX8U1WjJFd8LsDJ2yQ/wWWxaopEsABU1XfkM8A+j0+85JAGppt16cr1Whg6KIbb4okU6Mql6BOj+uup/wKeA==}

  toidentifier@1.0.1:
    resolution: {integrity: sha512-o5sSPKEkg/DIQNmH43V0/uerLrpzVedkUh8tGNvaeXpfpuwjKenlSox/2O/BTlZUtEe+JG7s5YhEz608PlAHRA==}
    engines: {node: '>=0.6'}

  tslib@2.8.1:
    resolution: {integrity: sha512-oJFu94HQb+KVduSUQL7wnpmqnfmLsOA/nAh6b6EH0wCEoK0/mPeXU6c3wKDV83MkOuHPRHtSXKKU99IBazS/2w==}

  tsscmp@1.0.6:
    resolution: {integrity: sha512-LxhtAkPDTkVCMQjt2h6eBVY28KCjikZqZfMcC15YBeNjkgUpdCfBu5HoiOTDu86v6smE8yOjyEktJ8hlbANHQA==}
    engines: {node: '>=0.6.x'}

  type-check@0.3.2:
    resolution: {integrity: sha512-ZCmOJdvOWDBYJlzAoFkC+Q0+bUyEOS1ltgp1MGU03fqHG+dbi9tBFU2Rd9QKiDZFAYrhPh2JUf7rZRIuHRKtOg==}
    engines: {node: '>= 0.8.0'}

  type-is@1.6.18:
    resolution: {integrity: sha512-TkRKr9sUTxEH8MdfuCSP7VizJyzRNMjj2J2do2Jr3Kym598JVdEksuzPQCnlFPW4ky9Q+iA+ma9BGm06XQBy8g==}
    engines: {node: '>= 0.6'}

  uglify-js@3.4.10:
    resolution: {integrity: sha512-Y2VsbPVs0FIshJztycsO2SfPk7/KAF/T72qzv9u5EpQ4kB2hQoHlhNQTsNyy6ul7lQtqJN/AoWeS23OzEiEFxw==}
    engines: {node: '>=0.8.0'}
    hasBin: true

  ultron@1.1.1:
    resolution: {integrity: sha512-UIEXBNeYmKptWH6z8ZnqTeS8fV74zG0/eRU9VGkpzz+LIJNs8W/zM/L+7ctCkRrgbNnnR0xxw4bKOr0cW0N0Og==}

  undici-types@7.8.0:
    resolution: {integrity: sha512-9UJ2xGDvQ43tYyVMpuHlsgApydB8ZKfVYTsLDhXkFL/6gfkp+U8xTGdh8pMJv1SpZna0zxG1DwsKZsreLbXBxw==}

  unpipe@1.0.0:
    resolution: {integrity: sha512-pjy2bYhSsufwWlKwPc+l3cN7+wuJlK6uz0YdJEOlQDbl6jo/YlPi4mb8agUkVC8BF7V8NuzeyPNqRksA3hztKQ==}
    engines: {node: '>= 0.8'}

  upper-case@1.1.3:
    resolution: {integrity: sha512-WRbjgmYzgXkCV7zNVpy5YgrHgbBv126rMALQQMrmzOVC4GM2waQ9x7xtm8VU+1yF2kWyPzI9zbZ48n4vSxwfSA==}

  util-deprecate@1.0.2:
    resolution: {integrity: sha512-EPD5q1uXyFxJpCrLnCc1nHnq3gOa6DZBocAIiI2TaSCA7VCJ1UJDMagCzIkXNsUYfD1daK//LTEQ8xiIbrHtcw==}

  uuid-parse@1.1.0:
    resolution: {integrity: sha512-OdmXxA8rDsQ7YpNVbKSJkNzTw2I+S5WsbMDnCtIWSQaosNAcWtFuI/YK1TjzUI6nbkgiqEyh8gWngfcv8Asd9A==}

  uuid@10.0.0:
    resolution: {integrity: sha512-8XkAphELsDnEGrDxUOHB3RGvXz6TeuYSGEZBOjtTtPm2lwhGBjLgOzLHB63IUWfBpNucQjND6d3AOudO+H3RWQ==}
    hasBin: true

  uuid@8.3.2:
    resolution: {integrity: sha512-+NYs2QeMWy+GWFOEm9xnn6HCDp0l7QBD7ml8zLUmJ+93Q5NF0NocErnwkTkXVFNiX3/fpC6afS8Dhb/gz7R7eg==}
    hasBin: true

  vary@1.1.2:
    resolution: {integrity: sha512-BNGbWLfd0eUPabhkXUVm0j8uuvREyTh5ovRa/dyow/BqAbZJyC+5fU+IzQOzmAKzYqYRAISoRhdQr3eIZ/PXqg==}
    engines: {node: '>= 0.8'}

  watch@1.0.2:
    resolution: {integrity: sha512-1u+Z5n9Jc1E2c7qDO8SinPoZuHj7FgbgU1olSFoyaklduDvvtX7GMMtlE6OC9FTXq4KvNAOfj6Zu4vI1e9bAKA==}
    engines: {node: '>=0.1.95'}
    hasBin: true

  websocket-stream@5.5.2:
    resolution: {integrity: sha512-8z49MKIHbGk3C4HtuHWDtYX8mYej1wWabjthC/RupM9ngeukU4IWoM46dgth1UOS/T4/IqgEdCDJuMe2039OQQ==}

  word-wrap@1.2.5:
    resolution: {integrity: sha512-BN22B5eaMMI9UMtjrGd5g5eCYPpCPDUy0FJXbYsaT5zYxjFOckS53SQDE3pWkVoWpHXVb3BrYcEN4Twa55B5cA==}
    engines: {node: '>=0.10.0'}

  worker-timers-broker@6.1.8:
    resolution: {integrity: sha512-FUCJu9jlK3A8WqLTKXM9E6kAmI/dR1vAJ8dHYLMisLNB/n3GuaFIjJ7pn16ZcD1zCOf7P6H62lWIEBi+yz/zQQ==}

  worker-timers-worker@7.0.71:
    resolution: {integrity: sha512-ks/5YKwZsto1c2vmljroppOKCivB/ma97g9y77MAAz2TBBjPPgpoOiS1qYQKIgvGTr2QYPT3XhJWIB6Rj2MVPQ==}

  worker-timers@7.1.8:
    resolution: {integrity: sha512-R54psRKYVLuzff7c1OTFcq/4Hue5Vlz4bFtNEIarpSiCYhpifHU3aIQI29S84o1j87ePCYqbmEJPqwBTf+3sfw==}

  wrappy@1.0.2:
    resolution: {integrity: sha512-l4Sp/DRseor9wL6EvV2+TuQn63dMkPjZ/sp9XkghTEbV9KlPS1xUsZ3u7/IQO4wxtcFB4bgpQPRcR3QCvezPcQ==}

  ws@3.3.3:
    resolution: {integrity: sha512-nnWLa/NwZSt4KQJu51MYlCcSQ5g7INpOrOMt4XV8j4dqTXdmlUmSHQ8/oLC069ckre0fRsgfvsKwbTdtKLCDkA==}
    peerDependencies:
      bufferutil: ^4.0.1
      utf-8-validate: ^5.0.2
    peerDependenciesMeta:
      bufferutil:
        optional: true
      utf-8-validate:
        optional: true

  xtend@4.0.2:
    resolution: {integrity: sha512-LKYU1iAXJXUgAXn9URjiu+MWhyUXHsvfp7mcuYm9dSUKK0/CjtrUwFAxD82/mCWbtLsGjFIad0wIsod4zrTAEQ==}
    engines: {node: '>=0.4'}

  ylru@1.4.0:
    resolution: {integrity: sha512-2OQsPNEmBCvXuFlIni/a+Rn+R2pHW9INm0BxXJ4hVDA8TirqMj+J/Rp9ItLatT/5pZqWwefVrTQcHpixsxnVlA==}
    engines: {node: '>= 4.0.0'}

  zod@3.25.58:
    resolution: {integrity: sha512-DVLmMQzSZwNYzQoMaM3MQWnxr2eq+AtM9Hx3w1/Yl0pH8sLTSjN4jGP7w6f7uand6Hw44tsnSu1hz1AOA6qI2Q==}

snapshots:

  '@babel/runtime@7.27.6': {}

  '@hapi/bourne@3.0.0': {}

  '@koa/router@13.1.0':
    dependencies:
      http-errors: 2.0.0
      koa-compose: 4.1.0
      path-to-regexp: 6.3.0

  '@noble/hashes@1.8.0': {}

  '@paralleldrive/cuid2@2.2.2':
    dependencies:
      '@noble/hashes': 1.8.0

  '@types/accepts@1.3.7':
    dependencies:
      '@types/node': 24.0.0

  '@types/body-parser@1.19.6':
    dependencies:
      '@types/connect': 3.4.38
      '@types/node': 24.0.0

  '@types/co-body@6.1.3':
    dependencies:
      '@types/node': 24.0.0
      '@types/qs': 6.14.0

  '@types/connect@3.4.38':
    dependencies:
      '@types/node': 24.0.0

  '@types/content-disposition@0.5.9': {}

  '@types/cookies@0.9.1':
    dependencies:
      '@types/connect': 3.4.38
      '@types/express': 5.0.3
      '@types/keygrip': 1.0.6
      '@types/node': 24.0.0

  '@types/express-serve-static-core@5.0.6':
    dependencies:
      '@types/node': 24.0.0
      '@types/qs': 6.14.0
      '@types/range-parser': 1.2.7
      '@types/send': 0.17.5

  '@types/express@5.0.3':
    dependencies:
      '@types/body-parser': 1.19.6
      '@types/express-serve-static-core': 5.0.6
      '@types/serve-static': 1.15.8

  '@types/formidable@2.0.6':
    dependencies:
      '@types/node': 24.0.0

  '@types/http-assert@1.5.6': {}

  '@types/http-errors@2.0.5': {}

  '@types/keygrip@1.0.6': {}

  '@types/koa-compose@3.2.8':
    dependencies:
      '@types/koa': 2.15.0

  '@types/koa@2.15.0':
    dependencies:
      '@types/accepts': 1.3.7
      '@types/content-disposition': 0.5.9
      '@types/cookies': 0.9.1
      '@types/http-assert': 1.5.6
      '@types/http-errors': 2.0.5
      '@types/keygrip': 1.0.6
      '@types/koa-compose': 3.2.8
      '@types/node': 24.0.0

  '@types/mime@1.3.5': {}

  '@types/node@24.0.0':
    dependencies:
      undici-types: 7.8.0

  '@types/qs@6.14.0': {}

  '@types/range-parser@1.2.7': {}

  '@types/readable-stream@4.0.21':
    dependencies:
      '@types/node': 24.0.0

  '@types/send@0.17.5':
    dependencies:
      '@types/mime': 1.3.5
      '@types/node': 24.0.0

  '@types/serve-static@1.15.8':
    dependencies:
      '@types/http-errors': 2.0.5
      '@types/node': 24.0.0
      '@types/send': 0.17.5

  abort-controller@3.0.0:
    dependencies:
      event-target-shim: 5.0.1

  accepts@1.3.8:
    dependencies:
      mime-types: 2.1.35
      negotiator: 0.6.3

  acorn@5.7.4: {}

  aedes-packet@3.0.0:
    dependencies:
      mqtt-packet: 7.1.2
    transitivePeerDependencies:
      - supports-color

  aedes-persistence@9.1.2:
    dependencies:
      aedes-packet: 3.0.0
      qlobber: 7.0.1
    transitivePeerDependencies:
      - supports-color

  aedes@0.51.3:
    dependencies:
      aedes-packet: 3.0.0
      aedes-persistence: 9.1.2
      end-of-stream: 1.4.4
      fastfall: 1.5.1
      fastparallel: 2.4.1
      fastseries: 2.0.0
      hyperid: 3.3.0
      mqemitter: 6.0.2
      mqtt-packet: 9.0.2
      retimer: 4.0.0
      reusify: 1.1.0
      uuid: 10.0.0
    transitivePeerDependencies:
      - supports-color

  art-template@4.13.4:
    dependencies:
      acorn: 5.7.4
      escodegen: 1.14.3
      estraverse: 4.3.0
      html-minifier: 3.5.21
      is-keyword-js: 1.0.3
      js-tokens: 3.0.2
      merge-source-map: 1.1.0
      source-map: 0.5.7

  asap@2.0.6: {}

  async-limiter@1.0.1: {}

  base64-js@1.5.1: {}

  bignumber.js@9.0.0: {}

  bl@4.1.0:
    dependencies:
      buffer: 5.7.1
      inherits: 2.0.4
      readable-stream: 3.6.2

  bl@6.1.0:
    dependencies:
      '@types/readable-stream': 4.0.21
      buffer: 6.0.3
      inherits: 2.0.4
      readable-stream: 4.7.0

  buffer@5.7.1:
    dependencies:
      base64-js: 1.5.1
      ieee754: 1.2.1

  buffer@6.0.3:
    dependencies:
      base64-js: 1.5.1
      ieee754: 1.2.1

  bytes@3.1.2: {}

  cache-content-type@1.0.1:
    dependencies:
      mime-types: 2.1.35
      ylru: 1.4.0

  call-bind-apply-helpers@1.0.2:
    dependencies:
      es-errors: 1.3.0
      function-bind: 1.1.2

  call-bound@1.0.4:
    dependencies:
      call-bind-apply-helpers: 1.0.2
      get-intrinsic: 1.3.0

  camel-case@3.0.0:
    dependencies:
      no-case: 2.3.2
      upper-case: 1.1.3

  clean-css@4.2.4:
    dependencies:
      source-map: 0.6.1

  co-body@6.2.0:
    dependencies:
      '@hapi/bourne': 3.0.0
      inflation: 2.1.0
      qs: 6.14.0
      raw-body: 2.5.2
      type-is: 1.6.18

  co@4.6.0: {}

  commander@2.17.1: {}

  commander@2.19.0: {}

  content-disposition@0.5.4:
    dependencies:
      safe-buffer: 5.2.1

  content-type@1.0.5: {}

  cookies@0.9.1:
    dependencies:
      depd: 2.0.0
      keygrip: 1.1.0

  core-util-is@1.0.3: {}

  debug@3.2.7:
    dependencies:
      ms: 2.1.3

  debug@4.4.1:
    dependencies:
      ms: 2.1.3

  deep-equal@1.0.1: {}

  deep-is@0.1.4: {}

  delegates@1.0.0: {}

  depd@1.1.2: {}

  depd@2.0.0: {}

  destroy@1.2.0: {}

  dezalgo@1.0.4:
    dependencies:
      asap: 2.0.6
      wrappy: 1.0.2

  dunder-proto@1.0.1:
    dependencies:
      call-bind-apply-helpers: 1.0.2
      es-errors: 1.3.0
      gopd: 1.2.0

  duplexify@3.7.1:
    dependencies:
      end-of-stream: 1.4.4
      inherits: 2.0.4
      readable-stream: 2.3.8
      stream-shift: 1.0.3

  ee-first@1.1.1: {}

  encodeurl@1.0.2: {}

  end-of-stream@1.4.4:
    dependencies:
      once: 1.4.0

  es-define-property@1.0.1: {}

  es-errors@1.3.0: {}

  es-object-atoms@1.1.1:
    dependencies:
      es-errors: 1.3.0

  escape-html@1.0.3: {}

  escodegen@1.14.3:
    dependencies:
      esprima: 4.0.1
      estraverse: 4.3.0
      esutils: 2.0.3
      optionator: 0.8.3
    optionalDependencies:
      source-map: 0.6.1

  esprima@4.0.1: {}

  estraverse@4.3.0: {}

  esutils@2.0.3: {}

  event-target-shim@5.0.1: {}

  events@3.3.0: {}

  exec-sh@0.2.2:
    dependencies:
      merge: 1.2.1

  fast-levenshtein@2.0.6: {}

  fast-unique-numbers@8.0.13:
    dependencies:
      '@babel/runtime': 7.27.6
      tslib: 2.8.1

  fastfall@1.5.1:
    dependencies:
      reusify: 1.1.0

  fastparallel@2.4.1:
    dependencies:
      reusify: 1.1.0
      xtend: 4.0.2

  fastseries@2.0.0: {}

  formidable@2.1.5:
    dependencies:
      '@paralleldrive/cuid2': 2.2.2
      dezalgo: 1.0.4
      once: 1.4.0
      qs: 6.14.0

  fresh@0.5.2: {}

  function-bind@1.1.2: {}

  get-intrinsic@1.3.0:
    dependencies:
      call-bind-apply-helpers: 1.0.2
      es-define-property: 1.0.1
      es-errors: 1.3.0
      es-object-atoms: 1.1.1
      function-bind: 1.1.2
      get-proto: 1.0.1
      gopd: 1.2.0
      has-symbols: 1.1.0
      hasown: 2.0.2
      math-intrinsics: 1.1.0

  get-proto@1.0.1:
    dependencies:
      dunder-proto: 1.0.1
      es-object-atoms: 1.1.1

  gopd@1.2.0: {}

  has-symbols@1.1.0: {}

  has-tostringtag@1.0.2:
    dependencies:
      has-symbols: 1.1.0

  hasown@2.0.2:
    dependencies:
      function-bind: 1.1.2

  he@1.2.0: {}

  html-minifier@3.5.21:
    dependencies:
      camel-case: 3.0.0
      clean-css: 4.2.4
      commander: 2.17.1
      he: 1.2.0
      param-case: 2.1.1
      relateurl: 0.2.7
      uglify-js: 3.4.10

  http-assert@1.5.0:
    dependencies:
      deep-equal: 1.0.1
      http-errors: 1.8.1

  http-errors@1.6.3:
    dependencies:
      depd: 1.1.2
      inherits: 2.0.3
      setprototypeof: 1.1.0
      statuses: 1.5.0

  http-errors@1.8.1:
    dependencies:
      depd: 1.1.2
      inherits: 2.0.4
      setprototypeof: 1.2.0
      statuses: 1.5.0
      toidentifier: 1.0.1

  http-errors@2.0.0:
    dependencies:
      depd: 2.0.0
      inherits: 2.0.4
      setprototypeof: 1.2.0
      statuses: 2.0.1
      toidentifier: 1.0.1

  hyperid@3.3.0:
    dependencies:
      buffer: 5.7.1
      uuid: 8.3.2
      uuid-parse: 1.1.0

  iconv-lite@0.4.24:
    dependencies:
      safer-buffer: 2.1.2

  ieee754@1.2.1: {}

  inflation@2.1.0: {}

  inherits@2.0.3: {}

  inherits@2.0.4: {}

  is-class@0.0.9: {}

  is-generator-function@1.1.0:
    dependencies:
      call-bound: 1.0.4
      get-proto: 1.0.1
      has-tostringtag: 1.0.2
      safe-regex-test: 1.1.0

  is-keyword-js@1.0.3: {}

  is-regex@1.2.1:
    dependencies:
      call-bound: 1.0.4
      gopd: 1.2.0
      has-tostringtag: 1.0.2
      hasown: 2.0.2

  isarray@1.0.0: {}

  jj.js@0.17.0:
    dependencies:
      '@koa/router': 13.1.0
      art-template: 4.13.4
      escape-html: 1.0.3
      is-class: 0.0.9
      koa: 2.16.1
      koa-body: 6.0.1
      koa-static: 5.0.0
      mysql: 2.18.1
      watch: 1.0.2
    transitivePeerDependencies:
      - supports-color

  js-tokens@3.0.2: {}

  keygrip@1.1.0:
    dependencies:
      tsscmp: 1.0.6

  koa-body@6.0.1:
    dependencies:
      '@types/co-body': 6.1.3
      '@types/formidable': 2.0.6
      '@types/koa': 2.15.0
      co-body: 6.2.0
      formidable: 2.1.5
      zod: 3.25.58

  koa-compose@4.1.0: {}

  koa-convert@2.0.0:
    dependencies:
      co: 4.6.0
      koa-compose: 4.1.0

  koa-send@5.0.1:
    dependencies:
      debug: 4.4.1
      http-errors: 1.8.1
      resolve-path: 1.4.0
    transitivePeerDependencies:
      - supports-color

  koa-static@5.0.0:
    dependencies:
      debug: 3.2.7
      koa-send: 5.0.1
    transitivePeerDependencies:
      - supports-color

  koa@2.16.1:
    dependencies:
      accepts: 1.3.8
      cache-content-type: 1.0.1
      content-disposition: 0.5.4
      content-type: 1.0.5
      cookies: 0.9.1
      debug: 4.4.1
      delegates: 1.0.0
      depd: 2.0.0
      destroy: 1.2.0
      encodeurl: 1.0.2
      escape-html: 1.0.3
      fresh: 0.5.2
      http-assert: 1.5.0
      http-errors: 1.8.1
      is-generator-function: 1.1.0
      koa-compose: 4.1.0
      koa-convert: 2.0.0
      on-finished: 2.4.1
      only: 0.0.2
      parseurl: 1.3.3
      statuses: 1.5.0
      type-is: 1.6.18
      vary: 1.1.2
    transitivePeerDependencies:
      - supports-color

  levn@0.3.0:
    dependencies:
      prelude-ls: 1.1.2
      type-check: 0.3.2

  lower-case@1.1.4: {}

  math-intrinsics@1.1.0: {}

  media-typer@0.3.0: {}

  merge-source-map@1.1.0:
    dependencies:
      source-map: 0.6.1

  merge@1.2.1: {}

  mime-db@1.52.0: {}

  mime-types@2.1.35:
    dependencies:
      mime-db: 1.52.0

  minimist@1.2.8: {}

  mqemitter@6.0.2:
    dependencies:
      fastparallel: 2.4.1
      qlobber: 8.0.1

  mqtt-packet@7.1.2:
    dependencies:
      bl: 4.1.0
      debug: 4.4.1
      process-nextick-args: 2.0.1
    transitivePeerDependencies:
      - supports-color

  mqtt-packet@9.0.2:
    dependencies:
      bl: 6.1.0
      debug: 4.4.1
      process-nextick-args: 2.0.1
    transitivePeerDependencies:
      - supports-color

  ms@2.1.3: {}

  mysql@2.18.1:
    dependencies:
      bignumber.js: 9.0.0
      readable-stream: 2.3.7
      safe-buffer: 5.1.2
      sqlstring: 2.3.1

  negotiator@0.6.3: {}

  no-case@2.3.2:
    dependencies:
      lower-case: 1.1.4

  object-inspect@1.13.4: {}

  on-finished@2.4.1:
    dependencies:
      ee-first: 1.1.1

  once@1.4.0:
    dependencies:
      wrappy: 1.0.2

  only@0.0.2: {}

  optionator@0.8.3:
    dependencies:
      deep-is: 0.1.4
      fast-levenshtein: 2.0.6
      levn: 0.3.0
      prelude-ls: 1.1.2
      type-check: 0.3.2
      word-wrap: 1.2.5

  param-case@2.1.1:
    dependencies:
      no-case: 2.3.2

  parseurl@1.3.3: {}

  path-is-absolute@1.0.1: {}

  path-to-regexp@6.3.0: {}

  prelude-ls@1.1.2: {}

  process-nextick-args@2.0.1: {}

  process@0.11.10: {}

  qlobber@7.0.1: {}

  qlobber@8.0.1: {}

  qs@6.14.0:
    dependencies:
      side-channel: 1.1.0

  raw-body@2.5.2:
    dependencies:
      bytes: 3.1.2
      http-errors: 2.0.0
      iconv-lite: 0.4.24
      unpipe: 1.0.0

  readable-stream@2.3.7:
    dependencies:
      core-util-is: 1.0.3
      inherits: 2.0.4
      isarray: 1.0.0
      process-nextick-args: 2.0.1
      safe-buffer: 5.1.2
      string_decoder: 1.1.1
      util-deprecate: 1.0.2

  readable-stream@2.3.8:
    dependencies:
      core-util-is: 1.0.3
      inherits: 2.0.4
      isarray: 1.0.0
      process-nextick-args: 2.0.1
      safe-buffer: 5.1.2
      string_decoder: 1.1.1
      util-deprecate: 1.0.2

  readable-stream@3.6.2:
    dependencies:
      inherits: 2.0.4
      string_decoder: 1.3.0
      util-deprecate: 1.0.2

  readable-stream@4.7.0:
    dependencies:
      abort-controller: 3.0.0
      buffer: 6.0.3
      events: 3.3.0
      process: 0.11.10
      string_decoder: 1.3.0

  relateurl@0.2.7: {}

  resolve-path@1.4.0:
    dependencies:
      http-errors: 1.6.3
      path-is-absolute: 1.0.1

  retimer@4.0.0:
    dependencies:
      worker-timers: 7.1.8

  reusify@1.1.0: {}

  safe-buffer@5.1.2: {}

  safe-buffer@5.2.1: {}

  safe-regex-test@1.1.0:
    dependencies:
      call-bound: 1.0.4
      es-errors: 1.3.0
      is-regex: 1.2.1

  safer-buffer@2.1.2: {}

  setprototypeof@1.1.0: {}

  setprototypeof@1.2.0: {}

  side-channel-list@1.0.0:
    dependencies:
      es-errors: 1.3.0
      object-inspect: 1.13.4

  side-channel-map@1.0.1:
    dependencies:
      call-bound: 1.0.4
      es-errors: 1.3.0
      get-intrinsic: 1.3.0
      object-inspect: 1.13.4

  side-channel-weakmap@1.0.2:
    dependencies:
      call-bound: 1.0.4
      es-errors: 1.3.0
      get-intrinsic: 1.3.0
      object-inspect: 1.13.4
      side-channel-map: 1.0.1

  side-channel@1.1.0:
    dependencies:
      es-errors: 1.3.0
      object-inspect: 1.13.4
      side-channel-list: 1.0.0
      side-channel-map: 1.0.1
      side-channel-weakmap: 1.0.2

  source-map@0.5.7: {}

  source-map@0.6.1: {}

  sqlstring@2.3.1: {}

  statuses@1.5.0: {}

  statuses@2.0.1: {}

  stream-shift@1.0.3: {}

  string_decoder@1.1.1:
    dependencies:
      safe-buffer: 5.1.2

  string_decoder@1.3.0:
    dependencies:
      safe-buffer: 5.2.1

  toidentifier@1.0.1: {}

  tslib@2.8.1: {}

  tsscmp@1.0.6: {}

  type-check@0.3.2:
    dependencies:
      prelude-ls: 1.1.2

  type-is@1.6.18:
    dependencies:
      media-typer: 0.3.0
      mime-types: 2.1.35

  uglify-js@3.4.10:
    dependencies:
      commander: 2.19.0
      source-map: 0.6.1

  ultron@1.1.1: {}

  undici-types@7.8.0: {}

  unpipe@1.0.0: {}

  upper-case@1.1.3: {}

  util-deprecate@1.0.2: {}

  uuid-parse@1.1.0: {}

  uuid@10.0.0: {}

  uuid@8.3.2: {}

  vary@1.1.2: {}

  watch@1.0.2:
    dependencies:
      exec-sh: 0.2.2
      minimist: 1.2.8

  websocket-stream@5.5.2:
    dependencies:
      duplexify: 3.7.1
      inherits: 2.0.4
      readable-stream: 2.3.8
      safe-buffer: 5.2.1
      ws: 3.3.3
      xtend: 4.0.2
    transitivePeerDependencies:
      - bufferutil
      - utf-8-validate

  word-wrap@1.2.5: {}

  worker-timers-broker@6.1.8:
    dependencies:
      '@babel/runtime': 7.27.6
      fast-unique-numbers: 8.0.13
      tslib: 2.8.1
      worker-timers-worker: 7.0.71

  worker-timers-worker@7.0.71:
    dependencies:
      '@babel/runtime': 7.27.6
      tslib: 2.8.1

  worker-timers@7.1.8:
    dependencies:
      '@babel/runtime': 7.27.6
      tslib: 2.8.1
      worker-timers-broker: 6.1.8
      worker-timers-worker: 7.0.71

  wrappy@1.0.2: {}

  ws@3.3.3:
    dependencies:
      async-limiter: 1.0.1
      safe-buffer: 5.1.2
      ultron: 1.1.1

  xtend@4.0.2: {}

  ylru@1.4.0: {}

  zod@3.25.58: {}
